
Microsoft Visual Studio Solution File, Format Version 12.00
# Visual Studio Version 17
VisualStudioVersion = 17.10.34818.151
MinimumVisualStudioVersion = 10.0.40219.1
Project("{FAE04EC0-301F-11D3-BF4B-00C04F79EFBC}") = "Service1.API", "Service1.API\Service1.API.csproj", "{6887BEF3-9330-4C8B-91B1-40DBC6137C6C}"
EndProject
Global
	GlobalSection(SolutionConfigurationPlatforms) = preSolution
		Debug|Any CPU = Debug|Any CPU
		Release|Any CPU = Release|Any CPU
	EndGlobalSection
	GlobalSection(ProjectConfigurationPlatforms) = postSolution
		{6887BEF3-9330-4C8B-91B1-40DBC6137C6C}.Debug|Any CPU.ActiveCfg = Debug|Any CPU
		{6887BEF3-9330-4C8B-91B1-40DBC6137C6C}.Debug|Any CPU.Build.0 = Debug|Any CPU
		{6887BEF3-9330-4C8B-91B1-40DBC6137C6C}.Release|Any CPU.ActiveCfg = Release|Any CPU
		{6887BEF3-9330-4C8B-91B1-40DBC6137C6C}.Release|Any CPU.Build.0 = Release|Any CPU
	EndGlobalSection
	GlobalSection(SolutionProperties) = preSolution
		HideSolutionNode = FALSE
	EndGlobalSection
	GlobalSection(ExtensibilityGlobals) = postSolution
		SolutionGuid = {269F0989-9123-412E-BE5E-C1B097DECF5E}
	EndGlobalSection
EndGlobal
